
Microsoft Visual Studio Solution File, Format Version 12.00
# Visual Studio Version 17
VisualStudioVersion = 17.7.34024.191
MinimumVisualStudioVersion = 10.0.40219.1
Project("{FAE04EC0-301F-11D3-BF4B-00C04F79EFBC}") = "Programming", "Programming.csproj", "{F7ED2E3D-9622-473F-8C33-4B76889C4CA5}"
EndProject
Global
	GlobalSection(SolutionConfigurationPlatforms) = preSolution
		Debug|Any CPU = Debug|Any CPU
		Release|Any CPU = Release|Any CPU
	EndGlobalSection
	GlobalSection(ProjectConfigurationPlatforms) = postSolution
		{F7ED2E3D-9622-473F-8C33-4B76889C4CA5}.Debug|Any CPU.ActiveCfg = Debug|Any CPU
		{F7ED2E3D-9622-473F-8C33-4B76889C4CA5}.Debug|Any CPU.Build.0 = Debug|Any CPU
		{F7ED2E3D-9622-473F-8C33-4B76889C4CA5}.Release|Any CPU.ActiveCfg = Release|Any CPU
		{F7ED2E3D-9622-473F-8C33-4B76889C4CA5}.Release|Any CPU.Build.0 = Release|Any CPU
	EndGlobalSection
	GlobalSection(SolutionProperties) = preSolution
		HideSolutionNode = FALSE
	EndGlobalSection
	GlobalSection(ExtensibilityGlobals) = postSolution
		SolutionGuid = {204382CF-415F-4E94-BC48-25B681903A09}
	EndGlobalSection
EndGlobal
